
Microsoft Visual Studio Solution File, Format Version 12.00
# Visual Studio Version 16
VisualStudioVersion = 16.0.30309.148
MinimumVisualStudioVersion = 10.0.40219.1
Project("{FAE04EC0-301F-11D3-BF4B-00C04F79EFBC}") = "AbeMixApp", "AbeMixApp.csproj", "{222E1955-7B96-474D-AD94-7C773A790BFD}"
EndProject
Global
	GlobalSection(SolutionConfigurationPlatforms) = preSolution
		Debug|Any CPU = Debug|Any CPU
		Release|Any CPU = Release|Any CPU
	EndGlobalSection
	GlobalSection(ProjectConfigurationPlatforms) = postSolution
		{222E1955-7B96-474D-AD94-7C773A790BFD}.Debug|Any CPU.ActiveCfg = Debug|Any CPU
		{222E1955-7B96-474D-AD94-7C773A790BFD}.Debug|Any CPU.Build.0 = Debug|Any CPU
		{222E1955-7B96-474D-AD94-7C773A790BFD}.Release|Any CPU.ActiveCfg = Release|Any CPU
		{222E1955-7B96-474D-AD94-7C773A790BFD}.Release|Any CPU.Build.0 = Release|Any CPU
	EndGlobalSection
	GlobalSection(SolutionProperties) = preSolution
		HideSolutionNode = FALSE
	EndGlobalSection
	GlobalSection(ExtensibilityGlobals) = postSolution
		SolutionGuid = {F7F849A5-F608-4900-AAF1-72FC81BE804C}
	EndGlobalSection
EndGlobal
